// !$*UTF8*$!
{
	archiveVersion = 1;
	classes = {
	};
	objectVersion = 48;
	objects = {

/* Begin PBXBuildFile section */
		564A6AA0202C95D900DF5D0E /* AppDelegate.swift in Sources */ = {isa = PBXBuildFile; fileRef = 564A6A9F202C95D900DF5D0E /* AppDelegate.swift */; };
		564A6AA2202C95D900DF5D0E /* ViewController.swift in Sources */ = {isa = PBXBuildFile; fileRef = 564A6AA1202C95D900DF5D0E /* ViewController.swift */; };
		564A6AA5202C95D900DF5D0E /* Main.storyboard in Resources */ = {isa = PBXBuildFile; fileRef = 564A6AA3202C95D900DF5D0E /* Main.storyboard */; };
		564A6AA7202C95D900DF5D0E /* Assets.xcassets in Resources */ = {isa = PBXBuildFile; fileRef = 564A6AA6202C95D900DF5D0E /* Assets.xcassets */; };
		564A6AAA202C95D900DF5D0E /* LaunchScreen.storyboard in Resources */ = {isa = PBXBuildFile; fileRef = 564A6AA8202C95D900DF5D0E /* LaunchScreen.storyboard */; };
		564A6AB2202C971700DF5D0E /* GoogleService-Info.plist in Resources */ = {isa = PBXBuildFile; fileRef = 564A6AB1202C971700DF5D0E /* GoogleService-Info.plist */; };
		A5B45060A18F75919694507B /* Pods_uber_clone.framework in Frameworks */ = {isa = PBXBuildFile; fileRef = 9D2683B2E1C6547689FAB5DF /* Pods_uber_clone.framework */; };
/* End PBXBuildFile section */

/* Begin PBXFileReference section */
		564A6A9C202C95D900DF5D0E /* uber-clone.app */ = {isa = PBXFileReference; explicitFileType = wrapper.application; includeInIndex = 0; path = "uber-clone.app"; sourceTree = BUILT_PRODUCTS_DIR; };
		564A6A9F202C95D900DF5D0E /* AppDelegate.swift */ = {isa = PBXFileReference; lastKnownFileType = sourcecode.swift; path = AppDelegate.swift; sourceTree = "<group>"; };
		564A6AA1202C95D900DF5D0E /* ViewController.swift */ = {isa = PBXFileReference; lastKnownFileType = sourcecode.swift; path = ViewController.swift; sourceTree = "<group>"; };
		564A6AA4202C95D900DF5D0E /* Base */ = {isa = PBXFileReference; lastKnownFileType = file.storyboard; name = Base; path = Base.lproj/Main.storyboard; sourceTree = "<group>"; };
		564A6AA6202C95D900DF5D0E /* Assets.xcassets */ = {isa = PBXFileReference; lastKnownFileType = folder.assetcatalog; path = Assets.xcassets; sourceTree = "<group>"; };
		564A6AA9202C95D900DF5D0E /* Base */ = {isa = PBXFileReference; lastKnownFileType = file.storyboard; name = Base; path = Base.lproj/LaunchScreen.storyboard; sourceTree = "<group>"; };
		564A6AAB202C95D900DF5D0E /* Info.plist */ = {isa = PBXFileReference; lastKnownFileType = text.plist.xml; path = Info.plist; sourceTree = "<group>"; };
		564A6AB1202C971700DF5D0E /* GoogleService-Info.plist */ = {isa = PBXFileReference; fileEncoding = 4; lastKnownFileType = text.plist.xml; path = "GoogleService-Info.plist"; sourceTree = "<group>"; };
		969F176BCD344FB0D47204DF /* Pods-uber-clone.debug.xcconfig */ = {isa = PBXFileReference; includeInIndex = 1; lastKnownFileType = text.xcconfig; name = "Pods-uber-clone.debug.xcconfig"; path = "Pods/Target Support Files/Pods-uber-clone/Pods-uber-clone.debug.xcconfig"; sourceTree = "<group>"; };
		9D2683B2E1C6547689FAB5DF /* Pods_uber_clone.framework */ = {isa = PBXFileReference; explicitFileType = wrapper.framework; includeInIndex = 0; path = Pods_uber_clone.framework; sourceTree = BUILT_PRODUCTS_DIR; };
		C5AE4558202CEE60007709AF /* Timeline.storyboard */ = {isa = PBXFileReference; lastKnownFileType = file.storyboard; name = Timeline.storyboard; path = "/Users/serhii/Desktop/iOS/uber-clone/uber-clone/Timeline.storyboard"; sourceTree = "<absolute>"; };
		FC89481FF3DAE932086B3BAD /* Pods-uber-clone.release.xcconfig */ = {isa = PBXFileReference; includeInIndex = 1; lastKnownFileType = text.xcconfig; name = "Pods-uber-clone.release.xcconfig"; path = "Pods/Target Support Files/Pods-uber-clone/Pods-uber-clone.release.xcconfig"; sourceTree = "<group>"; };
/* End PBXFileReference section */

/* Begin PBXFrameworksBuildPhase section */
		564A6A99202C95D900DF5D0E /* Frameworks */ = {
			isa = PBXFrameworksBuildPhase;
			buildActionMask = 2147483647;
			files = (
				A5B45060A18F75919694507B /* Pods_uber_clone.framework in Frameworks */,
			);
			runOnlyForDeploymentPostprocessing = 0;
		};
/* End PBXFrameworksBuildPhase section */

/* Begin PBXGroup section */
		2BDB3EFE0F3FFB32F545CDAD /* Frameworks */ = {
			isa = PBXGroup;
			children = (
				9D2683B2E1C6547689FAB5DF /* Pods_uber_clone.framework */,
			);
			name = Frameworks;
			sourceTree = "<group>";
		};
		389D49BBAE54B99277FC9321 /* Pods */ = {
			isa = PBXGroup;
			children = (
				969F176BCD344FB0D47204DF /* Pods-uber-clone.debug.xcconfig */,
				FC89481FF3DAE932086B3BAD /* Pods-uber-clone.release.xcconfig */,
			);
			name = Pods;
			sourceTree = "<group>";
		};
		564A6A93202C95D900DF5D0E = {
			isa = PBXGroup;
			children = (
				564A6A9E202C95D900DF5D0E /* uber-clone */,
				564A6A9D202C95D900DF5D0E /* Products */,
				389D49BBAE54B99277FC9321 /* Pods */,
				2BDB3EFE0F3FFB32F545CDAD /* Frameworks */,
			);
			sourceTree = "<group>";
		};
		564A6A9D202C95D900DF5D0E /* Products */ = {
			isa = PBXGroup;
			children = (
				564A6A9C202C95D900DF5D0E /* uber-clone.app */,
			);
			name = Products;
			sourceTree = "<group>";
		};
		564A6A9E202C95D900DF5D0E /* uber-clone */ = {
			isa = PBXGroup;
			children = (
				564A6A9F202C95D900DF5D0E /* AppDelegate.swift */,
				564A6AA1202C95D900DF5D0E /* ViewController.swift */,
				564A6AA3202C95D900DF5D0E /* Main.storyboard */,
				C5AE4558202CEE60007709AF /* Timeline.storyboard */,
				564A6AA6202C95D900DF5D0E /* Assets.xcassets */,
				564A6AA8202C95D900DF5D0E /* LaunchScreen.storyboard */,
				564A6AAB202C95D900DF5D0E /* Info.plist */,
				564A6AB1202C971700DF5D0E /* GoogleService-Info.plist */,
			);
			path = "uber-clone";
			sourceTree = "<group>";
		};
/* End PBXGroup section */

/* Begin PBXNativeTarget section */
		564A6A9B202C95D900DF5D0E /* uber-clone */ = {
			isa = PBXNativeTarget;
			buildConfigurationList = 564A6AAE202C95D900DF5D0E /* Build configuration list for PBXNativeTarget "uber-clone" */;
			buildPhases = (
				D3776A66AB06A44428C1892C /* [CP] Check Pods Manifest.lock */,
				564A6A98202C95D900DF5D0E /* Sources */,
				564A6A99202C95D900DF5D0E /* Frameworks */,
				564A6A9A202C95D900DF5D0E /* Resources */,
				A088A7CF2961B21FEBE564DF /* [CP] Embed Pods Frameworks */,
				890B2FB97A361EF69F54D587 /* [CP] Copy Pods Resources */,
			);
			buildRules = (
			);
			dependencies = (
			);
			name = "uber-clone";
			productName = "uber-clone";
			productReference = 564A6A9C202C95D900DF5D0E /* uber-clone.app */;
			productType = "com.apple.product-type.application";
		};
/* End PBXNativeTarget section */

/* Begin PBXProject section */
		564A6A94202C95D900DF5D0E /* Project object */ = {
			isa = PBXProject;
			attributes = {
				LastSwiftUpdateCheck = 0920;
				LastUpgradeCheck = 0920;
				ORGANIZATIONNAME = "Sergiy Sachuk";
				TargetAttributes = {
					564A6A9B202C95D900DF5D0E = {
						CreatedOnToolsVersion = 9.2;
						ProvisioningStyle = Automatic;
					};
				};
			};
			buildConfigurationList = 564A6A97202C95D900DF5D0E /* Build configuration list for PBXProject "uber-clone" */;
			compatibilityVersion = "Xcode 8.0";
			developmentRegion = en;
			hasScannedForEncodings = 0;
			knownRegions = (
				en,
				Base,
			);
			mainGroup = 564A6A93202C95D900DF5D0E;
			productRefGroup = 564A6A9D202C95D900DF5D0E /* Products */;
			projectDirPath = "";
			projectRoot = "";
			targets = (
				564A6A9B202C95D900DF5D0E /* uber-clone */,
			);
		};
/* End PBXProject section */

/* Begin PBXResourcesBuildPhase section */
		564A6A9A202C95D900DF5D0E /* Resources */ = {
			isa = PBXResourcesBuildPhase;
			buildActionMask = 2147483647;
			files = (
				564A6AAA202C95D900DF5D0E /* LaunchScreen.storyboard in Resources */,
				564A6AB2202C971700DF5D0E /* GoogleService-Info.plist in Resources */,
				564A6AA7202C95D900DF5D0E /* Assets.xcassets in Resources */,
				564A6AA5202C95D900DF5D0E /* Main.storyboard in Resources */,
			);
			runOnlyForDeploymentPostprocessing = 0;
		};
/* End PBXResourcesBuildPhase section */

/* Begin PBXShellScriptBuildPhase section */
		890B2FB97A361EF69F54D587 /* [CP] Copy Pods Resources */ = {
			isa = PBXShellScriptBuildPhase;
			buildActionMask = 2147483647;
			files = (
			);
			inputPaths = (
			);
			name = "[CP] Copy Pods Resources";
			outputPaths = (
			);
			runOnlyForDeploymentPostprocessing = 0;
			shellPath = /bin/sh;
			shellScript = "\"${SRCROOT}/Pods/Target Support Files/Pods-uber-clone/Pods-uber-clone-resources.sh\"\n";
			showEnvVarsInLog = 0;
		};
		A088A7CF2961B21FEBE564DF /* [CP] Embed Pods Frameworks */ = {
			isa = PBXShellScriptBuildPhase;
			buildActionMask = 2147483647;
			files = (
			);
			inputPaths = (
				"${SRCROOT}/Pods/Target Support Files/Pods-uber-clone/Pods-uber-clone-frameworks.sh",
				"${BUILT_PRODUCTS_DIR}/GTMSessionFetcher/GTMSessionFetcher.framework",
				"${BUILT_PRODUCTS_DIR}/GoogleToolboxForMac/GoogleToolboxForMac.framework",
				"${BUILT_PRODUCTS_DIR}/nanopb/nanopb.framework",
			);
			name = "[CP] Embed Pods Frameworks";
			outputPaths = (
				"${TARGET_BUILD_DIR}/${FRAMEWORKS_FOLDER_PATH}/GTMSessionFetcher.framework",
				"${TARGET_BUILD_DIR}/${FRAMEWORKS_FOLDER_PATH}/GoogleToolboxForMac.framework",
				"${TARGET_BUILD_DIR}/${FRAMEWORKS_FOLDER_PATH}/nanopb.framework",
			);
			runOnlyForDeploymentPostprocessing = 0;
			shellPath = /bin/sh;
			shellScript = "\"${SRCROOT}/Pods/Target Support Files/Pods-uber-clone/Pods-uber-clone-frameworks.sh\"\n";
			showEnvVarsInLog = 0;
		};
		D3776A66AB06A44428C1892C /* [CP] Check Pods Manifest.lock */ = {
			isa = PBXShellScriptBuildPhase;
			buildActionMask = 2147483647;
			files = (
			);
			inputPaths = (
				"${PODS_PODFILE_DIR_PATH}/Podfile.lock",
				"${PODS_ROOT}/Manifest.lock",
			);
			name = "[CP] Check Pods Manifest.lock";
			outputPaths = (
				"$(DERIVED_FILE_DIR)/Pods-uber-clone-checkManifestLockResult.txt",
			);
			runOnlyForDeploymentPostprocessing = 0;
			shellPath = /bin/sh;
			shellScript = "diff \"${PODS_ROOT}/../Podfile.lock\" \"${PODS_ROOT}/Manifest.lock\" > /dev/null\nif [ $? != 0 ] ; then\n    # print error to STDERR\n    echo \"error: The sandbox is not in sync with the Podfile.lock. Run 'pod install' or update your CocoaPods installation.\" >&2\n    exit 1\nfi\n";
			showEnvVarsInLog = 0;
		};
/* End PBXShellScriptBuildPhase section */

/* Begin PBXSourcesBuildPhase section */
		564A6A98202C95D900DF5D0E /* Sources */ = {
			isa = PBXSourcesBuildPhase;
			buildActionMask = 2147483647;
			files = (
				564A6AA2202C95D900DF5D0E /* ViewController.swift in Sources */,
				564A6AA0202C95D900DF5D0E /* AppDelegate.swift in Sources */,
			);
			runOnlyForDeploymentPostprocessing = 0;
		};
/* End PBXSourcesBuildPhase section */

/* Begin PBXVariantGroup section */
		564A6AA3202C95D900DF5D0E /* Main.storyboard */ = {
			isa = PBXVariantGroup;
			children = (
				564A6AA4202C95D900DF5D0E /* Base */,
			);
			name = Main.storyboard;
			sourceTree = "<group>";
		};
		564A6AA8202C95D900DF5D0E /* LaunchScreen.storyboard */ = {
			isa = PBXVariantGroup;
			children = (
				564A6AA9202C95D900DF5D0E /* Base */,
			);
			name = LaunchScreen.storyboard;
			sourceTree = "<group>";
		};
/* End PBXVariantGroup section */

/* Begin XCBuildConfiguration section */
		564A6AAC202C95D900DF5D0E /* Debug */ = {
			isa = XCBuildConfiguration;
			buildSettings = {
				ALWAYS_SEARCH_USER_PATHS = NO;
				CLANG_ANALYZER_NONNULL = YES;
				CLANG_ANALYZER_NUMBER_OBJECT_CONVERSION = YES_AGGRESSIVE;
				CLANG_CXX_LANGUAGE_STANDARD = "gnu++14";
				CLANG_CXX_LIBRARY = "libc++";
				CLANG_ENABLE_MODULES = YES;
				CLANG_ENABLE_OBJC_ARC = YES;
				CLANG_WARN_BLOCK_CAPTURE_AUTORELEASING = YES;
				CLANG_WARN_BOOL_CONVERSION = YES;
				CLANG_WARN_COMMA = YES;
				CLANG_WARN_CONSTANT_CONVERSION = YES;
				CLANG_WARN_DIRECT_OBJC_ISA_USAGE = YES_ERROR;
				CLANG_WARN_DOCUMENTATION_COMMENTS = YES;
				CLANG_WARN_EMPTY_BODY = YES;
				CLANG_WARN_ENUM_CONVERSION = YES;
				CLANG_WARN_INFINITE_RECURSION = YES;
				CLANG_WARN_INT_CONVERSION = YES;
				CLANG_WARN_NON_LITERAL_NULL_CONVERSION = YES;
				CLANG_WARN_OBJC_LITERAL_CONVERSION = YES;
				CLANG_WARN_OBJC_ROOT_CLASS = YES_ERROR;
				CLANG_WARN_RANGE_LOOP_ANALYSIS = YES;
				CLANG_WARN_STRICT_PROTOTYPES = YES;
				CLANG_WARN_SUSPICIOUS_MOVE = YES;
				CLANG_WARN_UNGUARDED_AVAILABILITY = YES_AGGRESSIVE;
				CLANG_WARN_UNREACHABLE_CODE = YES;
				CLANG_WARN__DUPLICATE_METHOD_MATCH = YES;
				CODE_SIGN_IDENTITY = "iPhone Developer";
				COPY_PHASE_STRIP = NO;
				DEBUG_INFORMATION_FORMAT = dwarf;
				ENABLE_STRICT_OBJC_MSGSEND = YES;
				ENABLE_TESTABILITY = YES;
				GCC_C_LANGUAGE_STANDARD = gnu11;
				GCC_DYNAMIC_NO_PIC = NO;
				GCC_NO_COMMON_BLOCKS = YES;
				GCC_OPTIMIZATION_LEVEL = 0;
				GCC_PREPROCESSOR_DEFINITIONS = (
					"DEBUG=1",
					"$(inherited)",
				);
				GCC_WARN_64_TO_32_BIT_CONVERSION = YES;
				GCC_WARN_ABOUT_RETURN_TYPE = YES_ERROR;
				GCC_WARN_UNDECLARED_SELECTOR = YES;
				GCC_WARN_UNINITIALIZED_AUTOS = YES_AGGRESSIVE;
				GCC_WARN_UNUSED_FUNCTION = YES;
				GCC_WARN_UNUSED_VARIABLE = YES;
				IPHONEOS_DEPLOYMENT_TARGET = 11.2;
				MTL_ENABLE_DEBUG_INFO = YES;
				ONLY_ACTIVE_ARCH = YES;
				SDKROOT = iphoneos;
				SWIFT_ACTIVE_COMPILATION_CONDITIONS = DEBUG;
				SWIFT_OPTIMIZATION_LEVEL = "-Onone";
			};
			name = Debug;
		};
		564A6AAD202C95D900DF5D0E /* Release */ = {
			isa = XCBuildConfiguration;
			buildSettings = {
				ALWAYS_SEARCH_USER_PATHS = NO;
				CLANG_ANALYZER_NONNULL = YES;
				CLANG_ANALYZER_NUMBER_OBJECT_CONVERSION = YES_AGGRESSIVE;
				CLANG_CXX_LANGUAGE_STANDARD = "gnu++14";
				CLANG_CXX_LIBRARY = "libc++";
				CLANG_ENABLE_MODULES = YES;
				CLANG_ENABLE_OBJC_ARC = YES;
				CLANG_WARN_BLOCK_CAPTURE_AUTORELEASING = YES;
				CLANG_WARN_BOOL_CONVERSION = YES;
				CLANG_WARN_COMMA = YES;
				CLANG_WARN_CONSTANT_CONVERSION = YES;
				CLANG_WARN_DIRECT_OBJC_ISA_USAGE = YES_ERROR;
				CLANG_WARN_DOCUMENTATION_COMMENTS = YES;
				CLANG_WARN_EMPTY_BODY = YES;
				CLANG_WARN_ENUM_CONVERSION = YES;
				CLANG_WARN_INFINITE_RECURSION = YES;
				CLANG_WARN_INT_CONVERSION = YES;
				CLANG_WARN_NON_LITERAL_NULL_CONVERSION = YES;
				CLANG_WARN_OBJC_LITERAL_CONVERSION = YES;
				CLANG_WARN_OBJC_ROOT_CLASS = YES_ERROR;
				CLANG_WARN_RANGE_LOOP_ANALYSIS = YES;
				CLANG_WARN_STRICT_PROTOTYPES = YES;
				CLANG_WARN_SUSPICIOUS_MOVE = YES;
				CLANG_WARN_UNGUARDED_AVAILABILITY = YES_AGGRESSIVE;
				CLANG_WARN_UNREACHABLE_CODE = YES;
				CLANG_WARN__DUPLICATE_METHOD_MATCH = YES;
				CODE_SIGN_IDENTITY = "iPhone Developer";
				COPY_PHASE_STRIP = NO;
				DEBUG_INFORMATION_FORMAT = "dwarf-with-dsym";
				ENABLE_NS_ASSERTIONS = NO;
				ENABLE_STRICT_OBJC_MSGSEND = YES;
				GCC_C_LANGUAGE_STANDARD = gnu11;
				GCC_NO_COMMON_BLOCKS = YES;
				GCC_WARN_64_TO_32_BIT_CONVERSION = YES;
				GCC_WARN_ABOUT_RETURN_TYPE = YES_ERROR;
				GCC_WARN_UNDECLARED_SELECTOR = YES;
				GCC_WARN_UNINITIALIZED_AUTOS = YES_AGGRESSIVE;
				GCC_WARN_UNUSED_FUNCTION = YES;
				GCC_WARN_UNUSED_VARIABLE = YES;
				IPHONEOS_DEPLOYMENT_TARGET = 11.2;
				MTL_ENABLE_DEBUG_INFO = NO;
				SDKROOT = iphoneos;
				SWIFT_OPTIMIZATION_LEVEL = "-Owholemodule";
				VALIDATE_PRODUCT = YES;
			};
			name = Release;
		};
		564A6AAF202C95D900DF5D0E /* Debug */ = {
			isa = XCBuildConfiguration;
			baseConfigurationReference = 969F176BCD344FB0D47204DF /* Pods-uber-clone.debug.xcconfig */;
			buildSettings = {
				ASSETCATALOG_COMPILER_APPICON_NAME = AppIcon;
				CODE_SIGN_STYLE = Automatic;
				DEVELOPMENT_TEAM = 5RTAWRP7KM;
				INFOPLIST_FILE = "uber-clone/Info.plist";
				LD_RUNPATH_SEARCH_PATHS = "$(inherited) @executable_path/Frameworks";
				PRODUCT_BUNDLE_IDENTIFIER = "com.reybravin.uber-clone";
				PRODUCT_NAME = "$(TARGET_NAME)";
				SWIFT_VERSION = 4.0;
				TARGETED_DEVICE_FAMILY = 1;
			};
			name = Debug;
		};
		564A6AB0202C95D900DF5D0E /* Release */ = {
			isa = XCBuildConfiguration;
			baseConfigurationReference = FC89481FF3DAE932086B3BAD /* Pods-uber-clone.release.xcconfig */;
			buildSettings = {
				ASSETCATALOG_COMPILER_APPICON_NAME = AppIcon;
				CODE_SIGN_STYLE = Automatic;
				DEVELOPMENT_TEAM = 5RTAWRP7KM;
				INFOPLIST_FILE = "uber-clone/Info.plist";
				LD_RUNPATH_SEARCH_PATHS = "$(inherited) @executable_path/Frameworks";
				PRODUCT_BUNDLE_IDENTIFIER = "com.reybravin.uber-clone";
				PRODUCT_NAME = "$(TARGET_NAME)";
				SWIFT_VERSION = 4.0;
				TARGETED_DEVICE_FAMILY = 1;
			};
			name = Release;
		};
/* End XCBuildConfiguration section */

/* Begin XCConfigurationList section */
		564A6A97202C95D900DF5D0E /* Build configuration list for PBXProject "uber-clone" */ = {
			isa = XCConfigurationList;
			buildConfigurations = (
				564A6AAC202C95D900DF5D0E /* Debug */,
				564A6AAD202C95D900DF5D0E /* Release */,
			);
			defaultConfigurationIsVisible = 0;
			defaultConfigurationName = Release;
		};
		564A6AAE202C95D900DF5D0E /* Build configuration list for PBXNativeTarget "uber-clone" */ = {
			isa = XCConfigurationList;
			buildConfigurations = (
				564A6AAF202C95D900DF5D0E /* Debug */,
				564A6AB0202C95D900DF5D0E /* Release */,
			);
			defaultConfigurationIsVisible = 0;
			defaultConfigurationName = Release;
		};
/* End XCConfigurationList section */
	};
	rootObject = 564A6A94202C95D900DF5D0E /* Project object */;
}
